
Microsoft Visual Studio Solution File, Format Version 12.00
# Visual Studio Version 16
VisualStudioVersion = 16.0.29503.13
MinimumVisualStudioVersion = 10.0.40219.1
Project("{FAE04EC0-301F-11D3-BF4B-00C04F79EFBC}") = "Shop", "Shop.csproj", "{1BD1ED30-FFFC-4186-952A-7E239F222081}"
EndProject
Project("{FAE04EC0-301F-11D3-BF4B-00C04F79EFBC}") = "BLL", "..\BLL\BLL.csproj", "{1B7A8EDD-DE14-4E97-B6AB-521BE6C80967}"
EndProject
Project("{FAE04EC0-301F-11D3-BF4B-00C04F79EFBC}") = "DAL", "..\DAL\DAL.csproj", "{EEA44737-8890-464E-993B-14C7E7B4321F}"
EndProject
Project("{FAE04EC0-301F-11D3-BF4B-00C04F79EFBC}") = "MODEL", "..\MODEL\MODEL.csproj", "{5B98FB64-268C-4729-85C7-EB93785C4DE6}"
EndProject
Project("{FAE04EC0-301F-11D3-BF4B-00C04F79EFBC}") = "IDAL", "..\IDAL\IDAL.csproj", "{BFC86C4E-C0F6-4BE1-9A81-5C9B4140D876}"
EndProject
Project("{FAE04EC0-301F-11D3-BF4B-00C04F79EFBC}") = "IBLL", "..\IBLL\IBLL.csproj", "{465A2EDC-92BE-44DE-B907-2E31F5AA23B7}"
EndProject
Project("{FAE04EC0-301F-11D3-BF4B-00C04F79EFBC}") = "COMMON", "..\COMMON\COMMON.csproj", "{DA79489B-C293-4E2A-A355-44047DDF857C}"
EndProject
Project("{FAE04EC0-301F-11D3-BF4B-00C04F79EFBC}") = "Constant", "..\Constant\Constant.csproj", "{D5E16DD9-B63C-4192-A823-54741CA1E7C7}"
EndProject
Project("{FAE04EC0-301F-11D3-BF4B-00C04F79EFBC}") = "API", "..\API\API.csproj", "{28738BD4-CCE1-4629-9952-D1FA208D0620}"
EndProject
Project("{FAE04EC0-301F-11D3-BF4B-00C04F79EFBC}") = "Img", "..\Img\Img.csproj", "{492DA73F-B1CA-40F5-8F6D-54A03DA27552}"
EndProject
Project("{FAE04EC0-301F-11D3-BF4B-00C04F79EFBC}") = "VMODEL", "..\VMODEL\VMODEL.csproj", "{210D6BE2-888E-4EC0-B391-BB9BEF4D4E2E}"
EndProject
Project("{FAE04EC0-301F-11D3-BF4B-00C04F79EFBC}") = "Test", "..\Test\Test.csproj", "{80A57517-B59A-418E-8032-11890C0B7C5E}"
EndProject
Global
	GlobalSection(SolutionConfigurationPlatforms) = preSolution
		Debug|Any CPU = Debug|Any CPU
		Release|Any CPU = Release|Any CPU
	EndGlobalSection
	GlobalSection(ProjectConfigurationPlatforms) = postSolution
		{1BD1ED30-FFFC-4186-952A-7E239F222081}.Debug|Any CPU.ActiveCfg = Debug|Any CPU
		{1BD1ED30-FFFC-4186-952A-7E239F222081}.Debug|Any CPU.Build.0 = Debug|Any CPU
		{1BD1ED30-FFFC-4186-952A-7E239F222081}.Release|Any CPU.ActiveCfg = Release|Any CPU
		{1BD1ED30-FFFC-4186-952A-7E239F222081}.Release|Any CPU.Build.0 = Release|Any CPU
		{1B7A8EDD-DE14-4E97-B6AB-521BE6C80967}.Debug|Any CPU.ActiveCfg = Debug|Any CPU
		{1B7A8EDD-DE14-4E97-B6AB-521BE6C80967}.Debug|Any CPU.Build.0 = Debug|Any CPU
		{1B7A8EDD-DE14-4E97-B6AB-521BE6C80967}.Release|Any CPU.ActiveCfg = Release|Any CPU
		{1B7A8EDD-DE14-4E97-B6AB-521BE6C80967}.Release|Any CPU.Build.0 = Release|Any CPU
		{EEA44737-8890-464E-993B-14C7E7B4321F}.Debug|Any CPU.ActiveCfg = Debug|Any CPU
		{EEA44737-8890-464E-993B-14C7E7B4321F}.Debug|Any CPU.Build.0 = Debug|Any CPU
		{EEA44737-8890-464E-993B-14C7E7B4321F}.Release|Any CPU.ActiveCfg = Release|Any CPU
		{EEA44737-8890-464E-993B-14C7E7B4321F}.Release|Any CPU.Build.0 = Release|Any CPU
		{5B98FB64-268C-4729-85C7-EB93785C4DE6}.Debug|Any CPU.ActiveCfg = Debug|Any CPU
		{5B98FB64-268C-4729-85C7-EB93785C4DE6}.Debug|Any CPU.Build.0 = Debug|Any CPU
		{5B98FB64-268C-4729-85C7-EB93785C4DE6}.Release|Any CPU.ActiveCfg = Release|Any CPU
		{5B98FB64-268C-4729-85C7-EB93785C4DE6}.Release|Any CPU.Build.0 = Release|Any CPU
		{BFC86C4E-C0F6-4BE1-9A81-5C9B4140D876}.Debug|Any CPU.ActiveCfg = Debug|Any CPU
		{BFC86C4E-C0F6-4BE1-9A81-5C9B4140D876}.Debug|Any CPU.Build.0 = Debug|Any CPU
		{BFC86C4E-C0F6-4BE1-9A81-5C9B4140D876}.Release|Any CPU.ActiveCfg = Release|Any CPU
		{BFC86C4E-C0F6-4BE1-9A81-5C9B4140D876}.Release|Any CPU.Build.0 = Release|Any CPU
		{465A2EDC-92BE-44DE-B907-2E31F5AA23B7}.Debug|Any CPU.ActiveCfg = Debug|Any CPU
		{465A2EDC-92BE-44DE-B907-2E31F5AA23B7}.Debug|Any CPU.Build.0 = Debug|Any CPU
		{465A2EDC-92BE-44DE-B907-2E31F5AA23B7}.Release|Any CPU.ActiveCfg = Release|Any CPU
		{465A2EDC-92BE-44DE-B907-2E31F5AA23B7}.Release|Any CPU.Build.0 = Release|Any CPU
		{DA79489B-C293-4E2A-A355-44047DDF857C}.Debug|Any CPU.ActiveCfg = Debug|Any CPU
		{DA79489B-C293-4E2A-A355-44047DDF857C}.Debug|Any CPU.Build.0 = Debug|Any CPU
		{DA79489B-C293-4E2A-A355-44047DDF857C}.Release|Any CPU.ActiveCfg = Release|Any CPU
		{DA79489B-C293-4E2A-A355-44047DDF857C}.Release|Any CPU.Build.0 = Release|Any CPU
		{D5E16DD9-B63C-4192-A823-54741CA1E7C7}.Debug|Any CPU.ActiveCfg = Debug|Any CPU
		{D5E16DD9-B63C-4192-A823-54741CA1E7C7}.Debug|Any CPU.Build.0 = Debug|Any CPU
		{D5E16DD9-B63C-4192-A823-54741CA1E7C7}.Release|Any CPU.ActiveCfg = Release|Any CPU
		{D5E16DD9-B63C-4192-A823-54741CA1E7C7}.Release|Any CPU.Build.0 = Release|Any CPU
		{28738BD4-CCE1-4629-9952-D1FA208D0620}.Debug|Any CPU.ActiveCfg = Debug|Any CPU
		{28738BD4-CCE1-4629-9952-D1FA208D0620}.Debug|Any CPU.Build.0 = Debug|Any CPU
		{28738BD4-CCE1-4629-9952-D1FA208D0620}.Release|Any CPU.ActiveCfg = Release|Any CPU
		{28738BD4-CCE1-4629-9952-D1FA208D0620}.Release|Any CPU.Build.0 = Release|Any CPU
		{492DA73F-B1CA-40F5-8F6D-54A03DA27552}.Debug|Any CPU.ActiveCfg = Debug|Any CPU
		{492DA73F-B1CA-40F5-8F6D-54A03DA27552}.Debug|Any CPU.Build.0 = Debug|Any CPU
		{492DA73F-B1CA-40F5-8F6D-54A03DA27552}.Release|Any CPU.ActiveCfg = Release|Any CPU
		{492DA73F-B1CA-40F5-8F6D-54A03DA27552}.Release|Any CPU.Build.0 = Release|Any CPU
		{210D6BE2-888E-4EC0-B391-BB9BEF4D4E2E}.Debug|Any CPU.ActiveCfg = Debug|Any CPU
		{210D6BE2-888E-4EC0-B391-BB9BEF4D4E2E}.Debug|Any CPU.Build.0 = Debug|Any CPU
		{210D6BE2-888E-4EC0-B391-BB9BEF4D4E2E}.Release|Any CPU.ActiveCfg = Release|Any CPU
		{210D6BE2-888E-4EC0-B391-BB9BEF4D4E2E}.Release|Any CPU.Build.0 = Release|Any CPU
		{80A57517-B59A-418E-8032-11890C0B7C5E}.Debug|Any CPU.ActiveCfg = Debug|Any CPU
		{80A57517-B59A-418E-8032-11890C0B7C5E}.Debug|Any CPU.Build.0 = Debug|Any CPU
		{80A57517-B59A-418E-8032-11890C0B7C5E}.Release|Any CPU.ActiveCfg = Release|Any CPU
		{80A57517-B59A-418E-8032-11890C0B7C5E}.Release|Any CPU.Build.0 = Release|Any CPU
	EndGlobalSection
	GlobalSection(SolutionProperties) = preSolution
		HideSolutionNode = FALSE
	EndGlobalSection
	GlobalSection(ExtensibilityGlobals) = postSolution
		SolutionGuid = {8A24F929-2744-4237-81D7-79BD716C8882}
	EndGlobalSection
EndGlobal
